
Microsoft Visual Studio Solution File, Format Version 12.00
# Visual Studio 14
VisualStudioVersion = 14.0.25420.1
MinimumVisualStudioVersion = 10.0.40219.1
Project("{FAE04EC0-301F-11D3-BF4B-00C04F79EFBC}") = "AtsWmsS1EmptyPalletService", "AtsWmsS1EmptyPalletService\AtsWmsS1EmptyPalletService.csproj", "{EE4846D0-41B8-493B-9904-E8BC1F47C959}"
EndProject
Project("{6141683F-8A12-4E36-9623-2EB02B2C2303}") = "AtsWmsS1EmptyPalletServicSetupTM", "AtsWmsS1EmptyPalletServicSetupTM\AtsWmsS1EmptyPalletServicSetupTM.isproj", "{534005BF-4F14-47AE-AEB9-A5804A27D3A5}"
	ProjectSection(ProjectDependencies) = postProject
		{EE4846D0-41B8-493B-9904-E8BC1F47C959} = {EE4846D0-41B8-493B-9904-E8BC1F47C959}
	EndProjectSection
EndProject
Project("{6141683F-8A12-4E36-9623-2EB02B2C2303}") = "AtsWmsS1EmptyPalletSetupV1", "AtsWmsS1EmptyPalletSetupV1\AtsWmsS1EmptyPalletSetupV1.isproj", "{35718143-7DDA-48C8-920E-3FF53837EC56}"
	ProjectSection(ProjectDependencies) = postProject
		{EE4846D0-41B8-493B-9904-E8BC1F47C959} = {EE4846D0-41B8-493B-9904-E8BC1F47C959}
	EndProjectSection
EndProject
Project("{6141683F-8A12-4E36-9623-2EB02B2C2303}") = "AtsWmsS1EmptyPalletSetupV2", "AtsWmsS1EmptyPalletSetupV2\AtsWmsS1EmptyPalletSetupV2.isproj", "{8BE19057-D4E6-4087-BC65-F357D5F87FB7}"
	ProjectSection(ProjectDependencies) = postProject
		{EE4846D0-41B8-493B-9904-E8BC1F47C959} = {EE4846D0-41B8-493B-9904-E8BC1F47C959}
	EndProjectSection
EndProject
Project("{6141683F-8A12-4E36-9623-2EB02B2C2303}") = "AtsWmsS1EmptyPalletSetupV3", "AtsWmsS1EmptyPalletSetupV3\AtsWmsS1EmptyPalletSetupV3.isproj", "{170AFEB2-12BA-4CD2-9AEE-28A389124F31}"
	ProjectSection(ProjectDependencies) = postProject
		{EE4846D0-41B8-493B-9904-E8BC1F47C959} = {EE4846D0-41B8-493B-9904-E8BC1F47C959}
	EndProjectSection
EndProject
Project("{6141683F-8A12-4E36-9623-2EB02B2C2303}") = "AtsWmsS1EmptyPalletServiceSetupV4", "AtsWmsS1EmptyPalletServiceSetupV4\AtsWmsS1EmptyPalletServiceSetupV4.isproj", "{DB11FEC3-0F9F-4193-B140-EF856E9FF56D}"
	ProjectSection(ProjectDependencies) = postProject
		{EE4846D0-41B8-493B-9904-E8BC1F47C959} = {EE4846D0-41B8-493B-9904-E8BC1F47C959}
	EndProjectSection
EndProject
Project("{6141683F-8A12-4E36-9623-2EB02B2C2303}") = "AtsWmsS1EmptyPalletServiceSetupV5", "AtsWmsS1EmptyPalletServiceSetupV5\AtsWmsS1EmptyPalletServiceSetupV5.isproj", "{FA664BAA-E762-408F-A502-D265C6F78840}"
	ProjectSection(ProjectDependencies) = postProject
		{EE4846D0-41B8-493B-9904-E8BC1F47C959} = {EE4846D0-41B8-493B-9904-E8BC1F47C959}
	EndProjectSection
EndProject
Project("{6141683F-8A12-4E36-9623-2EB02B2C2303}") = "AtsWmsS1EmptyPalletServiceSetupSR", "AtsWmsS1EmptyPalletServiceSetupSR\AtsWmsS1EmptyPalletServiceSetupSR.isproj", "{71090EEC-52EE-49FE-A633-9CD7BBA86CD9}"
	ProjectSection(ProjectDependencies) = postProject
		{EE4846D0-41B8-493B-9904-E8BC1F47C959} = {EE4846D0-41B8-493B-9904-E8BC1F47C959}
	EndProjectSection
EndProject
Global
	GlobalSection(SolutionConfigurationPlatforms) = preSolution
		CD_ROM|Any CPU = CD_ROM|Any CPU
		Debug|Any CPU = Debug|Any CPU
		DVD-5|Any CPU = DVD-5|Any CPU
		Release|Any CPU = Release|Any CPU
		SingleImage|Any CPU = SingleImage|Any CPU
	EndGlobalSection
	GlobalSection(ProjectConfigurationPlatforms) = postSolution
		{EE4846D0-41B8-493B-9904-E8BC1F47C959}.CD_ROM|Any CPU.ActiveCfg = Release|Any CPU
		{EE4846D0-41B8-493B-9904-E8BC1F47C959}.CD_ROM|Any CPU.Build.0 = Release|Any CPU
		{EE4846D0-41B8-493B-9904-E8BC1F47C959}.Debug|Any CPU.ActiveCfg = Debug|Any CPU
		{EE4846D0-41B8-493B-9904-E8BC1F47C959}.Debug|Any CPU.Build.0 = Debug|Any CPU
		{EE4846D0-41B8-493B-9904-E8BC1F47C959}.DVD-5|Any CPU.ActiveCfg = Debug|Any CPU
		{EE4846D0-41B8-493B-9904-E8BC1F47C959}.DVD-5|Any CPU.Build.0 = Debug|Any CPU
		{EE4846D0-41B8-493B-9904-E8BC1F47C959}.Release|Any CPU.ActiveCfg = Release|Any CPU
		{EE4846D0-41B8-493B-9904-E8BC1F47C959}.Release|Any CPU.Build.0 = Release|Any CPU
		{EE4846D0-41B8-493B-9904-E8BC1F47C959}.SingleImage|Any CPU.ActiveCfg = Release|Any CPU
		{EE4846D0-41B8-493B-9904-E8BC1F47C959}.SingleImage|Any CPU.Build.0 = Release|Any CPU
		{534005BF-4F14-47AE-AEB9-A5804A27D3A5}.CD_ROM|Any CPU.ActiveCfg = CD_ROM
		{534005BF-4F14-47AE-AEB9-A5804A27D3A5}.CD_ROM|Any CPU.Build.0 = CD_ROM
		{534005BF-4F14-47AE-AEB9-A5804A27D3A5}.Debug|Any CPU.ActiveCfg = DVD-5
		{534005BF-4F14-47AE-AEB9-A5804A27D3A5}.Debug|Any CPU.Build.0 = DVD-5
		{534005BF-4F14-47AE-AEB9-A5804A27D3A5}.DVD-5|Any CPU.ActiveCfg = DVD-5
		{534005BF-4F14-47AE-AEB9-A5804A27D3A5}.DVD-5|Any CPU.Build.0 = DVD-5
		{534005BF-4F14-47AE-AEB9-A5804A27D3A5}.Release|Any CPU.ActiveCfg = SingleImage
		{534005BF-4F14-47AE-AEB9-A5804A27D3A5}.Release|Any CPU.Build.0 = SingleImage
		{534005BF-4F14-47AE-AEB9-A5804A27D3A5}.SingleImage|Any CPU.ActiveCfg = SingleImage
		{534005BF-4F14-47AE-AEB9-A5804A27D3A5}.SingleImage|Any CPU.Build.0 = SingleImage
		{35718143-7DDA-48C8-920E-3FF53837EC56}.CD_ROM|Any CPU.ActiveCfg = CD_ROM
		{35718143-7DDA-48C8-920E-3FF53837EC56}.CD_ROM|Any CPU.Build.0 = CD_ROM
		{35718143-7DDA-48C8-920E-3FF53837EC56}.Debug|Any CPU.ActiveCfg = DVD-5
		{35718143-7DDA-48C8-920E-3FF53837EC56}.Debug|Any CPU.Build.0 = DVD-5
		{35718143-7DDA-48C8-920E-3FF53837EC56}.DVD-5|Any CPU.ActiveCfg = DVD-5
		{35718143-7DDA-48C8-920E-3FF53837EC56}.DVD-5|Any CPU.Build.0 = DVD-5
		{35718143-7DDA-48C8-920E-3FF53837EC56}.Release|Any CPU.ActiveCfg = SingleImage
		{35718143-7DDA-48C8-920E-3FF53837EC56}.Release|Any CPU.Build.0 = SingleImage
		{35718143-7DDA-48C8-920E-3FF53837EC56}.SingleImage|Any CPU.ActiveCfg = SingleImage
		{35718143-7DDA-48C8-920E-3FF53837EC56}.SingleImage|Any CPU.Build.0 = SingleImage
		{8BE19057-D4E6-4087-BC65-F357D5F87FB7}.CD_ROM|Any CPU.ActiveCfg = CD_ROM
		{8BE19057-D4E6-4087-BC65-F357D5F87FB7}.CD_ROM|Any CPU.Build.0 = CD_ROM
		{8BE19057-D4E6-4087-BC65-F357D5F87FB7}.Debug|Any CPU.ActiveCfg = DVD-5
		{8BE19057-D4E6-4087-BC65-F357D5F87FB7}.Debug|Any CPU.Build.0 = DVD-5
		{8BE19057-D4E6-4087-BC65-F357D5F87FB7}.DVD-5|Any CPU.ActiveCfg = DVD-5
		{8BE19057-D4E6-4087-BC65-F357D5F87FB7}.DVD-5|Any CPU.Build.0 = DVD-5
		{8BE19057-D4E6-4087-BC65-F357D5F87FB7}.Release|Any CPU.ActiveCfg = SingleImage
		{8BE19057-D4E6-4087-BC65-F357D5F87FB7}.Release|Any CPU.Build.0 = SingleImage
		{8BE19057-D4E6-4087-BC65-F357D5F87FB7}.SingleImage|Any CPU.ActiveCfg = SingleImage
		{8BE19057-D4E6-4087-BC65-F357D5F87FB7}.SingleImage|Any CPU.Build.0 = SingleImage
		{170AFEB2-12BA-4CD2-9AEE-28A389124F31}.CD_ROM|Any CPU.ActiveCfg = CD_ROM
		{170AFEB2-12BA-4CD2-9AEE-28A389124F31}.CD_ROM|Any CPU.Build.0 = CD_ROM
		{170AFEB2-12BA-4CD2-9AEE-28A389124F31}.Debug|Any CPU.ActiveCfg = DVD-5
		{170AFEB2-12BA-4CD2-9AEE-28A389124F31}.Debug|Any CPU.Build.0 = DVD-5
		{170AFEB2-12BA-4CD2-9AEE-28A389124F31}.DVD-5|Any CPU.ActiveCfg = DVD-5
		{170AFEB2-12BA-4CD2-9AEE-28A389124F31}.DVD-5|Any CPU.Build.0 = DVD-5
		{170AFEB2-12BA-4CD2-9AEE-28A389124F31}.Release|Any CPU.ActiveCfg = SingleImage
		{170AFEB2-12BA-4CD2-9AEE-28A389124F31}.Release|Any CPU.Build.0 = SingleImage
		{170AFEB2-12BA-4CD2-9AEE-28A389124F31}.SingleImage|Any CPU.ActiveCfg = SingleImage
		{170AFEB2-12BA-4CD2-9AEE-28A389124F31}.SingleImage|Any CPU.Build.0 = SingleImage
		{DB11FEC3-0F9F-4193-B140-EF856E9FF56D}.CD_ROM|Any CPU.ActiveCfg = CD_ROM
		{DB11FEC3-0F9F-4193-B140-EF856E9FF56D}.CD_ROM|Any CPU.Build.0 = CD_ROM
		{DB11FEC3-0F9F-4193-B140-EF856E9FF56D}.Debug|Any CPU.ActiveCfg = DVD-5
		{DB11FEC3-0F9F-4193-B140-EF856E9FF56D}.Debug|Any CPU.Build.0 = DVD-5
		{DB11FEC3-0F9F-4193-B140-EF856E9FF56D}.DVD-5|Any CPU.ActiveCfg = DVD-5
		{DB11FEC3-0F9F-4193-B140-EF856E9FF56D}.DVD-5|Any CPU.Build.0 = DVD-5
		{DB11FEC3-0F9F-4193-B140-EF856E9FF56D}.Release|Any CPU.ActiveCfg = SingleImage
		{DB11FEC3-0F9F-4193-B140-EF856E9FF56D}.Release|Any CPU.Build.0 = SingleImage
		{DB11FEC3-0F9F-4193-B140-EF856E9FF56D}.SingleImage|Any CPU.ActiveCfg = SingleImage
		{DB11FEC3-0F9F-4193-B140-EF856E9FF56D}.SingleImage|Any CPU.Build.0 = SingleImage
		{FA664BAA-E762-408F-A502-D265C6F78840}.CD_ROM|Any CPU.ActiveCfg = CD_ROM
		{FA664BAA-E762-408F-A502-D265C6F78840}.CD_ROM|Any CPU.Build.0 = CD_ROM
		{FA664BAA-E762-408F-A502-D265C6F78840}.Debug|Any CPU.ActiveCfg = DVD-5
		{FA664BAA-E762-408F-A502-D265C6F78840}.Debug|Any CPU.Build.0 = DVD-5
		{FA664BAA-E762-408F-A502-D265C6F78840}.DVD-5|Any CPU.ActiveCfg = DVD-5
		{FA664BAA-E762-408F-A502-D265C6F78840}.DVD-5|Any CPU.Build.0 = DVD-5
		{FA664BAA-E762-408F-A502-D265C6F78840}.Release|Any CPU.ActiveCfg = SingleImage
		{FA664BAA-E762-408F-A502-D265C6F78840}.Release|Any CPU.Build.0 = SingleImage
		{FA664BAA-E762-408F-A502-D265C6F78840}.SingleImage|Any CPU.ActiveCfg = SingleImage
		{FA664BAA-E762-408F-A502-D265C6F78840}.SingleImage|Any CPU.Build.0 = SingleImage
		{71090EEC-52EE-49FE-A633-9CD7BBA86CD9}.CD_ROM|Any CPU.ActiveCfg = CD_ROM
		{71090EEC-52EE-49FE-A633-9CD7BBA86CD9}.CD_ROM|Any CPU.Build.0 = CD_ROM
		{71090EEC-52EE-49FE-A633-9CD7BBA86CD9}.Debug|Any CPU.ActiveCfg = DVD-5
		{71090EEC-52EE-49FE-A633-9CD7BBA86CD9}.Debug|Any CPU.Build.0 = DVD-5
		{71090EEC-52EE-49FE-A633-9CD7BBA86CD9}.DVD-5|Any CPU.ActiveCfg = DVD-5
		{71090EEC-52EE-49FE-A633-9CD7BBA86CD9}.DVD-5|Any CPU.Build.0 = DVD-5
		{71090EEC-52EE-49FE-A633-9CD7BBA86CD9}.Release|Any CPU.ActiveCfg = SingleImage
		{71090EEC-52EE-49FE-A633-9CD7BBA86CD9}.Release|Any CPU.Build.0 = SingleImage
		{71090EEC-52EE-49FE-A633-9CD7BBA86CD9}.SingleImage|Any CPU.ActiveCfg = SingleImage
		{71090EEC-52EE-49FE-A633-9CD7BBA86CD9}.SingleImage|Any CPU.Build.0 = SingleImage
	EndGlobalSection
	GlobalSection(SolutionProperties) = preSolution
		HideSolutionNode = FALSE
	EndGlobalSection
EndGlobal
